
Microsoft Visual Studio Solution File, Format Version 12.00
# Visual Studio Version 17
VisualStudioVersion = 17.8.34330.188
MinimumVisualStudioVersion = 10.0.40219.1
Project("{FAE04EC0-301F-11D3-BF4B-00C04F79EFBC}") = "game_company.UWP", "game_company\game_company.UWP\game_company.UWP.csproj", "{25ACEFFC-F462-43B5-BFD8-9D21F6D9B470}"
EndProject
Project("{FAE04EC0-301F-11D3-BF4B-00C04F79EFBC}") = "game_company.Android", "game_company\game_company.Android\game_company.Android.csproj", "{410F5A77-1D24-4587-AFFC-0BC04FE03441}"
EndProject
Project("{FAE04EC0-301F-11D3-BF4B-00C04F79EFBC}") = "game_company.iOS", "game_company\game_company.iOS\game_company.iOS.csproj", "{9613B8B9-04F9-4D22-9760-E365D3B62693}"
EndProject
Project("{FAE04EC0-301F-11D3-BF4B-00C04F79EFBC}") = "game_company", "game_company\game_company\game_company.csproj", "{14D982A3-42E2-49EF-8487-02A0E3945D2E}"
EndProject
Global
	GlobalSection(SolutionConfigurationPlatforms) = preSolution
		Debug|Any CPU = Debug|Any CPU
		Debug|ARM = Debug|ARM
		Debug|iPhone = Debug|iPhone
		Debug|iPhoneSimulator = Debug|iPhoneSimulator
		Debug|x64 = Debug|x64
		Debug|x86 = Debug|x86
		Release|Any CPU = Release|Any CPU
		Release|ARM = Release|ARM
		Release|iPhone = Release|iPhone
		Release|iPhoneSimulator = Release|iPhoneSimulator
		Release|x64 = Release|x64
		Release|x86 = Release|x86
	EndGlobalSection
	GlobalSection(ProjectConfigurationPlatforms) = postSolution
		{25ACEFFC-F462-43B5-BFD8-9D21F6D9B470}.Debug|Any CPU.ActiveCfg = Debug|x64
		{25ACEFFC-F462-43B5-BFD8-9D21F6D9B470}.Debug|Any CPU.Build.0 = Debug|x64
		{25ACEFFC-F462-43B5-BFD8-9D21F6D9B470}.Debug|Any CPU.Deploy.0 = Debug|x64
		{25ACEFFC-F462-43B5-BFD8-9D21F6D9B470}.Debug|ARM.ActiveCfg = Debug|ARM
		{25ACEFFC-F462-43B5-BFD8-9D21F6D9B470}.Debug|ARM.Build.0 = Debug|ARM
		{25ACEFFC-F462-43B5-BFD8-9D21F6D9B470}.Debug|ARM.Deploy.0 = Debug|ARM
		{25ACEFFC-F462-43B5-BFD8-9D21F6D9B470}.Debug|iPhone.ActiveCfg = Debug|x64
		{25ACEFFC-F462-43B5-BFD8-9D21F6D9B470}.Debug|iPhone.Build.0 = Debug|x64
		{25ACEFFC-F462-43B5-BFD8-9D21F6D9B470}.Debug|iPhone.Deploy.0 = Debug|x64
		{25ACEFFC-F462-43B5-BFD8-9D21F6D9B470}.Debug|iPhoneSimulator.ActiveCfg = Debug|x64
		{25ACEFFC-F462-43B5-BFD8-9D21F6D9B470}.Debug|iPhoneSimulator.Build.0 = Debug|x64
		{25ACEFFC-F462-43B5-BFD8-9D21F6D9B470}.Debug|iPhoneSimulator.Deploy.0 = Debug|x64
		{25ACEFFC-F462-43B5-BFD8-9D21F6D9B470}.Debug|x64.ActiveCfg = Debug|x64
		{25ACEFFC-F462-43B5-BFD8-9D21F6D9B470}.Debug|x64.Build.0 = Debug|x64
		{25ACEFFC-F462-43B5-BFD8-9D21F6D9B470}.Debug|x64.Deploy.0 = Debug|x64
		{25ACEFFC-F462-43B5-BFD8-9D21F6D9B470}.Debug|x86.ActiveCfg = Debug|x86
		{25ACEFFC-F462-43B5-BFD8-9D21F6D9B470}.Debug|x86.Build.0 = Debug|x86
		{25ACEFFC-F462-43B5-BFD8-9D21F6D9B470}.Debug|x86.Deploy.0 = Debug|x86
		{25ACEFFC-F462-43B5-BFD8-9D21F6D9B470}.Release|Any CPU.ActiveCfg = Release|x64
		{25ACEFFC-F462-43B5-BFD8-9D21F6D9B470}.Release|Any CPU.Build.0 = Release|x64
		{25ACEFFC-F462-43B5-BFD8-9D21F6D9B470}.Release|Any CPU.Deploy.0 = Release|x64
		{25ACEFFC-F462-43B5-BFD8-9D21F6D9B470}.Release|ARM.ActiveCfg = Release|ARM
		{25ACEFFC-F462-43B5-BFD8-9D21F6D9B470}.Release|ARM.Build.0 = Release|ARM
		{25ACEFFC-F462-43B5-BFD8-9D21F6D9B470}.Release|ARM.Deploy.0 = Release|ARM
		{25ACEFFC-F462-43B5-BFD8-9D21F6D9B470}.Release|iPhone.ActiveCfg = Release|x64
		{25ACEFFC-F462-43B5-BFD8-9D21F6D9B470}.Release|iPhone.Build.0 = Release|x64
		{25ACEFFC-F462-43B5-BFD8-9D21F6D9B470}.Release|iPhone.Deploy.0 = Release|x64
		{25ACEFFC-F462-43B5-BFD8-9D21F6D9B470}.Release|iPhoneSimulator.ActiveCfg = Release|x64
		{25ACEFFC-F462-43B5-BFD8-9D21F6D9B470}.Release|iPhoneSimulator.Build.0 = Release|x64
		{25ACEFFC-F462-43B5-BFD8-9D21F6D9B470}.Release|iPhoneSimulator.Deploy.0 = Release|x64
		{25ACEFFC-F462-43B5-BFD8-9D21F6D9B470}.Release|x64.ActiveCfg = Release|x64
		{25ACEFFC-F462-43B5-BFD8-9D21F6D9B470}.Release|x64.Build.0 = Release|x64
		{25ACEFFC-F462-43B5-BFD8-9D21F6D9B470}.Release|x64.Deploy.0 = Release|x64
		{25ACEFFC-F462-43B5-BFD8-9D21F6D9B470}.Release|x86.ActiveCfg = Release|x86
		{25ACEFFC-F462-43B5-BFD8-9D21F6D9B470}.Release|x86.Build.0 = Release|x86
		{25ACEFFC-F462-43B5-BFD8-9D21F6D9B470}.Release|x86.Deploy.0 = Release|x86
		{410F5A77-1D24-4587-AFFC-0BC04FE03441}.Debug|Any CPU.ActiveCfg = Debug|Any CPU
		{410F5A77-1D24-4587-AFFC-0BC04FE03441}.Debug|Any CPU.Build.0 = Debug|Any CPU
		{410F5A77-1D24-4587-AFFC-0BC04FE03441}.Debug|Any CPU.Deploy.0 = Debug|Any CPU
		{410F5A77-1D24-4587-AFFC-0BC04FE03441}.Debug|ARM.ActiveCfg = Debug|Any CPU
		{410F5A77-1D24-4587-AFFC-0BC04FE03441}.Debug|ARM.Build.0 = Debug|Any CPU
		{410F5A77-1D24-4587-AFFC-0BC04FE03441}.Debug|ARM.Deploy.0 = Debug|Any CPU
		{410F5A77-1D24-4587-AFFC-0BC04FE03441}.Debug|iPhone.ActiveCfg = Debug|Any CPU
		{410F5A77-1D24-4587-AFFC-0BC04FE03441}.Debug|iPhone.Build.0 = Debug|Any CPU
		{410F5A77-1D24-4587-AFFC-0BC04FE03441}.Debug|iPhone.Deploy.0 = Debug|Any CPU
		{410F5A77-1D24-4587-AFFC-0BC04FE03441}.Debug|iPhoneSimulator.ActiveCfg = Debug|Any CPU
		{410F5A77-1D24-4587-AFFC-0BC04FE03441}.Debug|iPhoneSimulator.Build.0 = Debug|Any CPU
		{410F5A77-1D24-4587-AFFC-0BC04FE03441}.Debug|iPhoneSimulator.Deploy.0 = Debug|Any CPU
		{410F5A77-1D24-4587-AFFC-0BC04FE03441}.Debug|x64.ActiveCfg = Debug|Any CPU
		{410F5A77-1D24-4587-AFFC-0BC04FE03441}.Debug|x64.Build.0 = Debug|Any CPU
		{410F5A77-1D24-4587-AFFC-0BC04FE03441}.Debug|x64.Deploy.0 = Debug|Any CPU
		{410F5A77-1D24-4587-AFFC-0BC04FE03441}.Debug|x86.ActiveCfg = Debug|Any CPU
		{410F5A77-1D24-4587-AFFC-0BC04FE03441}.Debug|x86.Build.0 = Debug|Any CPU
		{410F5A77-1D24-4587-AFFC-0BC04FE03441}.Debug|x86.Deploy.0 = Debug|Any CPU
		{410F5A77-1D24-4587-AFFC-0BC04FE03441}.Release|Any CPU.ActiveCfg = Release|Any CPU
		{410F5A77-1D24-4587-AFFC-0BC04FE03441}.Release|Any CPU.Build.0 = Release|Any CPU
		{410F5A77-1D24-4587-AFFC-0BC04FE03441}.Release|Any CPU.Deploy.0 = Release|Any CPU
		{410F5A77-1D24-4587-AFFC-0BC04FE03441}.Release|ARM.ActiveCfg = Release|Any CPU
		{410F5A77-1D24-4587-AFFC-0BC04FE03441}.Release|ARM.Build.0 = Release|Any CPU
		{410F5A77-1D24-4587-AFFC-0BC04FE03441}.Release|ARM.Deploy.0 = Release|Any CPU
		{410F5A77-1D24-4587-AFFC-0BC04FE03441}.Release|iPhone.ActiveCfg = Release|Any CPU
		{410F5A77-1D24-4587-AFFC-0BC04FE03441}.Release|iPhone.Build.0 = Release|Any CPU
		{410F5A77-1D24-4587-AFFC-0BC04FE03441}.Release|iPhone.Deploy.0 = Release|Any CPU
		{410F5A77-1D24-4587-AFFC-0BC04FE03441}.Release|iPhoneSimulator.ActiveCfg = Release|Any CPU
		{410F5A77-1D24-4587-AFFC-0BC04FE03441}.Release|iPhoneSimulator.Build.0 = Release|Any CPU
		{410F5A77-1D24-4587-AFFC-0BC04FE03441}.Release|iPhoneSimulator.Deploy.0 = Release|Any CPU
		{410F5A77-1D24-4587-AFFC-0BC04FE03441}.Release|x64.ActiveCfg = Release|Any CPU
		{410F5A77-1D24-4587-AFFC-0BC04FE03441}.Release|x64.Build.0 = Release|Any CPU
		{410F5A77-1D24-4587-AFFC-0BC04FE03441}.Release|x64.Deploy.0 = Release|Any CPU
		{410F5A77-1D24-4587-AFFC-0BC04FE03441}.Release|x86.ActiveCfg = Release|Any CPU
		{410F5A77-1D24-4587-AFFC-0BC04FE03441}.Release|x86.Build.0 = Release|Any CPU
		{410F5A77-1D24-4587-AFFC-0BC04FE03441}.Release|x86.Deploy.0 = Release|Any CPU
		{9613B8B9-04F9-4D22-9760-E365D3B62693}.Debug|Any CPU.ActiveCfg = Debug|iPhoneSimulator
		{9613B8B9-04F9-4D22-9760-E365D3B62693}.Debug|Any CPU.Build.0 = Debug|iPhoneSimulator
		{9613B8B9-04F9-4D22-9760-E365D3B62693}.Debug|Any CPU.Deploy.0 = Debug|iPhoneSimulator
		{9613B8B9-04F9-4D22-9760-E365D3B62693}.Debug|ARM.ActiveCfg = Debug|iPhoneSimulator
		{9613B8B9-04F9-4D22-9760-E365D3B62693}.Debug|ARM.Build.0 = Debug|iPhoneSimulator
		{9613B8B9-04F9-4D22-9760-E365D3B62693}.Debug|ARM.Deploy.0 = Debug|iPhoneSimulator
		{9613B8B9-04F9-4D22-9760-E365D3B62693}.Debug|iPhone.ActiveCfg = Debug|iPhone
		{9613B8B9-04F9-4D22-9760-E365D3B62693}.Debug|iPhone.Build.0 = Debug|iPhone
		{9613B8B9-04F9-4D22-9760-E365D3B62693}.Debug|iPhone.Deploy.0 = Debug|iPhone
		{9613B8B9-04F9-4D22-9760-E365D3B62693}.Debug|iPhoneSimulator.ActiveCfg = Debug|iPhoneSimulator
		{9613B8B9-04F9-4D22-9760-E365D3B62693}.Debug|iPhoneSimulator.Build.0 = Debug|iPhoneSimulator
		{9613B8B9-04F9-4D22-9760-E365D3B62693}.Debug|iPhoneSimulator.Deploy.0 = Debug|iPhoneSimulator
		{9613B8B9-04F9-4D22-9760-E365D3B62693}.Debug|x64.ActiveCfg = Debug|iPhone
		{9613B8B9-04F9-4D22-9760-E365D3B62693}.Debug|x64.Build.0 = Debug|iPhone
		{9613B8B9-04F9-4D22-9760-E365D3B62693}.Debug|x64.Deploy.0 = Debug|iPhone
		{9613B8B9-04F9-4D22-9760-E365D3B62693}.Debug|x86.ActiveCfg = Debug|iPhoneSimulator
		{9613B8B9-04F9-4D22-9760-E365D3B62693}.Debug|x86.Build.0 = Debug|iPhoneSimulator
		{9613B8B9-04F9-4D22-9760-E365D3B62693}.Debug|x86.Deploy.0 = Debug|iPhoneSimulator
		{9613B8B9-04F9-4D22-9760-E365D3B62693}.Release|Any CPU.ActiveCfg = Release|iPhoneSimulator
		{9613B8B9-04F9-4D22-9760-E365D3B62693}.Release|Any CPU.Build.0 = Release|iPhoneSimulator
		{9613B8B9-04F9-4D22-9760-E365D3B62693}.Release|Any CPU.Deploy.0 = Release|iPhoneSimulator
		{9613B8B9-04F9-4D22-9760-E365D3B62693}.Release|ARM.ActiveCfg = Release|iPhoneSimulator
		{9613B8B9-04F9-4D22-9760-E365D3B62693}.Release|ARM.Build.0 = Release|iPhoneSimulator
		{9613B8B9-04F9-4D22-9760-E365D3B62693}.Release|ARM.Deploy.0 = Release|iPhoneSimulator
		{9613B8B9-04F9-4D22-9760-E365D3B62693}.Release|iPhone.ActiveCfg = Release|iPhone
		{9613B8B9-04F9-4D22-9760-E365D3B62693}.Release|iPhone.Build.0 = Release|iPhone
		{9613B8B9-04F9-4D22-9760-E365D3B62693}.Release|iPhone.Deploy.0 = Release|iPhone
		{9613B8B9-04F9-4D22-9760-E365D3B62693}.Release|iPhoneSimulator.ActiveCfg = Release|iPhoneSimulator
		{9613B8B9-04F9-4D22-9760-E365D3B62693}.Release|iPhoneSimulator.Build.0 = Release|iPhoneSimulator
		{9613B8B9-04F9-4D22-9760-E365D3B62693}.Release|iPhoneSimulator.Deploy.0 = Release|iPhoneSimulator
		{9613B8B9-04F9-4D22-9760-E365D3B62693}.Release|x64.ActiveCfg = Release|iPhoneSimulator
		{9613B8B9-04F9-4D22-9760-E365D3B62693}.Release|x64.Build.0 = Release|iPhoneSimulator
		{9613B8B9-04F9-4D22-9760-E365D3B62693}.Release|x64.Deploy.0 = Release|iPhoneSimulator
		{9613B8B9-04F9-4D22-9760-E365D3B62693}.Release|x86.ActiveCfg = Release|iPhoneSimulator
		{9613B8B9-04F9-4D22-9760-E365D3B62693}.Release|x86.Build.0 = Release|iPhoneSimulator
		{9613B8B9-04F9-4D22-9760-E365D3B62693}.Release|x86.Deploy.0 = Release|iPhoneSimulator
		{14D982A3-42E2-49EF-8487-02A0E3945D2E}.Debug|Any CPU.ActiveCfg = Debug|Any CPU
		{14D982A3-42E2-49EF-8487-02A0E3945D2E}.Debug|Any CPU.Build.0 = Debug|Any CPU
		{14D982A3-42E2-49EF-8487-02A0E3945D2E}.Debug|Any CPU.Deploy.0 = Debug|Any CPU
		{14D982A3-42E2-49EF-8487-02A0E3945D2E}.Debug|ARM.ActiveCfg = Debug|Any CPU
		{14D982A3-42E2-49EF-8487-02A0E3945D2E}.Debug|ARM.Build.0 = Debug|Any CPU
		{14D982A3-42E2-49EF-8487-02A0E3945D2E}.Debug|ARM.Deploy.0 = Debug|Any CPU
		{14D982A3-42E2-49EF-8487-02A0E3945D2E}.Debug|iPhone.ActiveCfg = Debug|Any CPU
		{14D982A3-42E2-49EF-8487-02A0E3945D2E}.Debug|iPhone.Build.0 = Debug|Any CPU
		{14D982A3-42E2-49EF-8487-02A0E3945D2E}.Debug|iPhone.Deploy.0 = Debug|Any CPU
		{14D982A3-42E2-49EF-8487-02A0E3945D2E}.Debug|iPhoneSimulator.ActiveCfg = Debug|Any CPU
		{14D982A3-42E2-49EF-8487-02A0E3945D2E}.Debug|iPhoneSimulator.Build.0 = Debug|Any CPU
		{14D982A3-42E2-49EF-8487-02A0E3945D2E}.Debug|iPhoneSimulator.Deploy.0 = Debug|Any CPU
		{14D982A3-42E2-49EF-8487-02A0E3945D2E}.Debug|x64.ActiveCfg = Debug|Any CPU
		{14D982A3-42E2-49EF-8487-02A0E3945D2E}.Debug|x64.Build.0 = Debug|Any CPU
		{14D982A3-42E2-49EF-8487-02A0E3945D2E}.Debug|x64.Deploy.0 = Debug|Any CPU
		{14D982A3-42E2-49EF-8487-02A0E3945D2E}.Debug|x86.ActiveCfg = Debug|Any CPU
		{14D982A3-42E2-49EF-8487-02A0E3945D2E}.Debug|x86.Build.0 = Debug|Any CPU
		{14D982A3-42E2-49EF-8487-02A0E3945D2E}.Debug|x86.Deploy.0 = Debug|Any CPU
		{14D982A3-42E2-49EF-8487-02A0E3945D2E}.Release|Any CPU.ActiveCfg = Release|Any CPU
		{14D982A3-42E2-49EF-8487-02A0E3945D2E}.Release|Any CPU.Build.0 = Release|Any CPU
		{14D982A3-42E2-49EF-8487-02A0E3945D2E}.Release|Any CPU.Deploy.0 = Release|Any CPU
		{14D982A3-42E2-49EF-8487-02A0E3945D2E}.Release|ARM.ActiveCfg = Release|Any CPU
		{14D982A3-42E2-49EF-8487-02A0E3945D2E}.Release|ARM.Build.0 = Release|Any CPU
		{14D982A3-42E2-49EF-8487-02A0E3945D2E}.Release|ARM.Deploy.0 = Release|Any CPU
		{14D982A3-42E2-49EF-8487-02A0E3945D2E}.Release|iPhone.ActiveCfg = Release|Any CPU
		{14D982A3-42E2-49EF-8487-02A0E3945D2E}.Release|iPhone.Build.0 = Release|Any CPU
		{14D982A3-42E2-49EF-8487-02A0E3945D2E}.Release|iPhone.Deploy.0 = Release|Any CPU
		{14D982A3-42E2-49EF-8487-02A0E3945D2E}.Release|iPhoneSimulator.ActiveCfg = Release|Any CPU
		{14D982A3-42E2-49EF-8487-02A0E3945D2E}.Release|iPhoneSimulator.Build.0 = Release|Any CPU
		{14D982A3-42E2-49EF-8487-02A0E3945D2E}.Release|iPhoneSimulator.Deploy.0 = Release|Any CPU
		{14D982A3-42E2-49EF-8487-02A0E3945D2E}.Release|x64.ActiveCfg = Release|Any CPU
		{14D982A3-42E2-49EF-8487-02A0E3945D2E}.Release|x64.Build.0 = Release|Any CPU
		{14D982A3-42E2-49EF-8487-02A0E3945D2E}.Release|x64.Deploy.0 = Release|Any CPU
		{14D982A3-42E2-49EF-8487-02A0E3945D2E}.Release|x86.ActiveCfg = Release|Any CPU
		{14D982A3-42E2-49EF-8487-02A0E3945D2E}.Release|x86.Build.0 = Release|Any CPU
		{14D982A3-42E2-49EF-8487-02A0E3945D2E}.Release|x86.Deploy.0 = Release|Any CPU
	EndGlobalSection
	GlobalSection(SolutionProperties) = preSolution
		HideSolutionNode = FALSE
	EndGlobalSection
	GlobalSection(ExtensibilityGlobals) = postSolution
		SolutionGuid = {39CAF843-0482-49B9-9590-5A0C6C5AA0DE}
	EndGlobalSection
EndGlobal
